
Microsoft Visual Studio Solution File, Format Version 12.00
# Visual Studio Version 16
VisualStudioVersion = 16.0.35425.106
MinimumVisualStudioVersion = 10.0.40219.1
Project("{FAE04EC0-301F-11D3-BF4B-00C04F79EFBC}") = "PlugInFinal", "PlugInFinal\PlugInFinal.csproj", "{AF673833-5B1E-4E32-B4AB-48EDE16C717A}"
EndProject
Global
	GlobalSection(SolutionConfigurationPlatforms) = preSolution
		Debug|Any CPU = Debug|Any CPU
		Release|Any CPU = Release|Any CPU
	EndGlobalSection
	GlobalSection(ProjectConfigurationPlatforms) = postSolution
		{AF673833-5B1E-4E32-B4AB-48EDE16C717A}.Debug|Any CPU.ActiveCfg = Debug|Any CPU
		{AF673833-5B1E-4E32-B4AB-48EDE16C717A}.Debug|Any CPU.Build.0 = Debug|Any CPU
		{AF673833-5B1E-4E32-B4AB-48EDE16C717A}.Release|Any CPU.ActiveCfg = Release|Any CPU
		{AF673833-5B1E-4E32-B4AB-48EDE16C717A}.Release|Any CPU.Build.0 = Release|Any CPU
	EndGlobalSection
	GlobalSection(SolutionProperties) = preSolution
		HideSolutionNode = FALSE
	EndGlobalSection
	GlobalSection(ExtensibilityGlobals) = postSolution
		SolutionGuid = {68366FD3-FE31-48EA-9FC2-FF17D2D619F6}
	EndGlobalSection
EndGlobal
